
Microsoft Visual Studio Solution File, Format Version 12.00
# Visual Studio Version 17
VisualStudioVersion = 17.0.31912.275
MinimumVisualStudioVersion = 10.0.40219.1
Project("{F184B08F-C81C-45F6-A57F-5ABD9991F28F}") = "HabboChatSize", "HabboChatSize.vbproj", "{3D5514C6-1B19-4D7B-B385-0795AC2B29D2}"
EndProject
Global
	GlobalSection(SolutionConfigurationPlatforms) = preSolution
		Debug|Any CPU = Debug|Any CPU
		Release|Any CPU = Release|Any CPU
	EndGlobalSection
	GlobalSection(ProjectConfigurationPlatforms) = postSolution
		{3D5514C6-1B19-4D7B-B385-0795AC2B29D2}.Debug|Any CPU.ActiveCfg = Debug|Any CPU
		{3D5514C6-1B19-4D7B-B385-0795AC2B29D2}.Debug|Any CPU.Build.0 = Debug|Any CPU
		{3D5514C6-1B19-4D7B-B385-0795AC2B29D2}.Release|Any CPU.ActiveCfg = Release|Any CPU
		{3D5514C6-1B19-4D7B-B385-0795AC2B29D2}.Release|Any CPU.Build.0 = Release|Any CPU
	EndGlobalSection
	GlobalSection(SolutionProperties) = preSolution
		HideSolutionNode = FALSE
	EndGlobalSection
	GlobalSection(ExtensibilityGlobals) = postSolution
		SolutionGuid = {13087C47-8334-48E5-8FB7-0CA1AC1FC763}
	EndGlobalSection
EndGlobal
